
Microsoft Visual Studio Solution File, Format Version 12.00
Project("{FAE04EC0-301F-11D3-BF4B-00C04F79EFBC}") = "N26ToYNAB", "src\N26ToYNAB\N26ToYNAB.csproj", "{D46A426E-8EE1-4D1B-A509-47F7E7702D9A}"
EndProject
Global
	GlobalSection(SolutionConfigurationPlatforms) = preSolution
		Debug|Any CPU = Debug|Any CPU
		Release|Any CPU = Release|Any CPU
	EndGlobalSection
	GlobalSection(ProjectConfigurationPlatforms) = postSolution
		{D46A426E-8EE1-4D1B-A509-47F7E7702D9A}.Debug|Any CPU.ActiveCfg = Debug|Any CPU
		{D46A426E-8EE1-4D1B-A509-47F7E7702D9A}.Debug|Any CPU.Build.0 = Debug|Any CPU
		{D46A426E-8EE1-4D1B-A509-47F7E7702D9A}.Release|Any CPU.ActiveCfg = Release|Any CPU
		{D46A426E-8EE1-4D1B-A509-47F7E7702D9A}.Release|Any CPU.Build.0 = Release|Any CPU
	EndGlobalSection
EndGlobal
